// !$*UTF8*$!
{
	archiveVersion = 1;
	classes = {
	};
	objectVersion = 46;
	objects = {

/* Begin PBXBuildFile section */
		397BD09B1DB008520063DADF /* AppDelegate.swift in Sources */ = {isa = PBXBuildFile; fileRef = 397BD09A1DB008520063DADF /* AppDelegate.swift */; };
		397BD09D1DB008520063DADF /* ViewController.swift in Sources */ = {isa = PBXBuildFile; fileRef = 397BD09C1DB008520063DADF /* ViewController.swift */; };
		397BD0A01DB008520063DADF /* Main.storyboard in Resources */ = {isa = PBXBuildFile; fileRef = 397BD09E1DB008520063DADF /* Main.storyboard */; };
		397BD0A21DB008520063DADF /* Assets.xcassets in Resources */ = {isa = PBXBuildFile; fileRef = 397BD0A11DB008520063DADF /* Assets.xcassets */; };
		397BD0A51DB008520063DADF /* LaunchScreen.storyboard in Resources */ = {isa = PBXBuildFile; fileRef = 397BD0A31DB008520063DADF /* LaunchScreen.storyboard */; };
/* End PBXBuildFile section */

/* Begin PBXFileReference section */
		397BD0971DB008520063DADF /* StretchySnax.app */ = {isa = PBXFileReference; explicitFileType = wrapper.application; includeInIndex = 0; path = StretchySnax.app; sourceTree = BUILT_PRODUCTS_DIR; };
		397BD09A1DB008520063DADF /* AppDelegate.swift */ = {isa = PBXFileReference; lastKnownFileType = sourcecode.swift; path = AppDelegate.swift; sourceTree = "<group>"; };
		397BD09C1DB008520063DADF /* ViewController.swift */ = {isa = PBXFileReference; lastKnownFileType = sourcecode.swift; path = ViewController.swift; sourceTree = "<group>"; };
		397BD09F1DB008520063DADF /* Base */ = {isa = PBXFileReference; lastKnownFileType = file.storyboard; name = Base; path = Base.lproj/Main.storyboard; sourceTree = "<group>"; };
		397BD0A11DB008520063DADF /* Assets.xcassets */ = {isa = PBXFileReference; lastKnownFileType = folder.assetcatalog; path = Assets.xcassets; sourceTree = "<group>"; };
		397BD0A41DB008520063DADF /* Base */ = {isa = PBXFileReference; lastKnownFileType = file.storyboard; name = Base; path = Base.lproj/LaunchScreen.storyboard; sourceTree = "<group>"; };
		397BD0A61DB008520063DADF /* Info.plist */ = {isa = PBXFileReference; lastKnownFileType = text.plist.xml; path = Info.plist; sourceTree = "<group>"; };
/* End PBXFileReference section */

/* Begin PBXFrameworksBuildPhase section */
		397BD0941DB008520063DADF /* Frameworks */ = {
			isa = PBXFrameworksBuildPhase;
			buildActionMask = 2147483647;
			files = (
			);
			runOnlyForDeploymentPostprocessing = 0;
		};
/* End PBXFrameworksBuildPhase section */

/* Begin PBXGroup section */
		397BD08E1DB008520063DADF = {
			isa = PBXGroup;
			children = (
				397BD0991DB008520063DADF /* StretchySnax */,
				397BD0981DB008520063DADF /* Products */,
			);
			sourceTree = "<group>";
		};
		397BD0981DB008520063DADF /* Products */ = {
			isa = PBXGroup;
			children = (
				397BD0971DB008520063DADF /* StretchySnax.app */,
			);
			name = Products;
			sourceTree = "<group>";
		};
		397BD0991DB008520063DADF /* StretchySnax */ = {
			isa = PBXGroup;
			children = (
				397BD09A1DB008520063DADF /* AppDelegate.swift */,
				397BD09C1DB008520063DADF /* ViewController.swift */,
				397BD09E1DB008520063DADF /* Main.storyboard */,
				397BD0A11DB008520063DADF /* Assets.xcassets */,
				397BD0A31DB008520063DADF /* LaunchScreen.storyboard */,
				397BD0A61DB008520063DADF /* Info.plist */,
			);
			path = StretchySnax;
			sourceTree = "<group>";
		};
/* End PBXGroup section */

/* Begin PBXNativeTarget section */
		397BD0961DB008520063DADF /* StretchySnax */ = {
			isa = PBXNativeTarget;
			buildConfigurationList = 397BD0A91DB008520063DADF /* Build configuration list for PBXNativeTarget "StretchySnax" */;
			buildPhases = (
				397BD0931DB008520063DADF /* Sources */,
				397BD0941DB008520063DADF /* Frameworks */,
				397BD0951DB008520063DADF /* Resources */,
			);
			buildRules = (
			);
			dependencies = (
			);
			name = StretchySnax;
			productName = StretchySnax;
			productReference = 397BD0971DB008520063DADF /* StretchySnax.app */;
			productType = "com.apple.product-type.application";
		};
/* End PBXNativeTarget section */

/* Begin PBXProject section */
		397BD08F1DB008520063DADF /* Project object */ = {
			isa = PBXProject;
			attributes = {
				LastSwiftUpdateCheck = 0800;
				LastUpgradeCheck = 0800;
				ORGANIZATIONNAME = "naomi schettini";
				TargetAttributes = {
					397BD0961DB008520063DADF = {
						CreatedOnToolsVersion = 8.0;
						ProvisioningStyle = Automatic;
					};
				};
			};
			buildConfigurationList = 397BD0921DB008520063DADF /* Build configuration list for PBXProject "StretchySnax" */;
			compatibilityVersion = "Xcode 3.2";
			developmentRegion = English;
			hasScannedForEncodings = 0;
			knownRegions = (
				en,
				Base,
			);
			mainGroup = 397BD08E1DB008520063DADF;
			productRefGroup = 397BD0981DB008520063DADF /* Products */;
			projectDirPath = "";
			projectRoot = "";
			targets = (
				397BD0961DB008520063DADF /* StretchySnax */,
			);
		};
/* End PBXProject section */

/* Begin PBXResourcesBuildPhase section */
		397BD0951DB008520063DADF /* Resources */ = {
			isa = PBXResourcesBuildPhase;
			buildActionMask = 2147483647;
			files = (
				397BD0A51DB008520063DADF /* LaunchScreen.storyboard in Resources */,
				397BD0A21DB008520063DADF /* Assets.xcassets in Resources */,
				397BD0A01DB008520063DADF /* Main.storyboard in Resources */,
			);
			runOnlyForDeploymentPostprocessing = 0;
		};
/* End PBXResourcesBuildPhase section */

/* Begin PBXSourcesBuildPhase section */
		397BD0931DB008520063DADF /* Sources */ = {
			isa = PBXSourcesBuildPhase;
			buildActionMask = 2147483647;
			files = (
				397BD09D1DB008520063DADF /* ViewController.swift in Sources */,
				397BD09B1DB008520063DADF /* AppDelegate.swift in Sources */,
			);
			runOnlyForDeploymentPostprocessing = 0;
		};
/* End PBXSourcesBuildPhase section */

/* Begin PBXVariantGroup section */
		397BD09E1DB008520063DADF /* Main.storyboard */ = {
			isa = PBXVariantGroup;
			children = (
				397BD09F1DB008520063DADF /* Base */,
			);
			name = Main.storyboard;
			sourceTree = "<group>";
		};
		397BD0A31DB008520063DADF /* LaunchScreen.storyboard */ = {
			isa = PBXVariantGroup;
			children = (
				397BD0A41DB008520063DADF /* Base */,
			);
			name = LaunchScreen.storyboard;
			sourceTree = "<group>";
		};
/* End PBXVariantGroup section */

/* Begin XCBuildConfiguration section */
		397BD0A71DB008520063DADF /* Debug */ = {
			isa = XCBuildConfiguration;
			buildSettings = {
				ALWAYS_SEARCH_USER_PATHS = NO;
				CLANG_ANALYZER_NONNULL = YES;
				CLANG_CXX_LANGUAGE_STANDARD = "gnu++0x";
				CLANG_CXX_LIBRARY = "libc++";
				CLANG_ENABLE_MODULES = YES;
				CLANG_ENABLE_OBJC_ARC = YES;
				CLANG_WARN_BOOL_CONVERSION = YES;
				CLANG_WARN_CONSTANT_CONVERSION = YES;
				CLANG_WARN_DIRECT_OBJC_ISA_USAGE = YES_ERROR;
				CLANG_WARN_DOCUMENTATION_COMMENTS = YES;
				CLANG_WARN_EMPTY_BODY = YES;
				CLANG_WARN_ENUM_CONVERSION = YES;
				CLANG_WARN_INFINITE_RECURSION = YES;
				CLANG_WARN_INT_CONVERSION = YES;
				CLANG_WARN_OBJC_ROOT_CLASS = YES_ERROR;
				CLANG_WARN_SUSPICIOUS_MOVES = YES;
				CLANG_WARN_UNREACHABLE_CODE = YES;
				CLANG_WARN__DUPLICATE_METHOD_MATCH = YES;
				"CODE_SIGN_IDENTITY[sdk=iphoneos*]" = "iPhone Developer";
				COPY_PHASE_STRIP = NO;
				DEBUG_INFORMATION_FORMAT = dwarf;
				ENABLE_STRICT_OBJC_MSGSEND = YES;
				ENABLE_TESTABILITY = YES;
				GCC_C_LANGUAGE_STANDARD = gnu99;
				GCC_DYNAMIC_NO_PIC = NO;
				GCC_NO_COMMON_BLOCKS = YES;
				GCC_OPTIMIZATION_LEVEL = 0;
				GCC_PREPROCESSOR_DEFINITIONS = (
					"DEBUG=1",
					"$(inherited)",
				);
				GCC_WARN_64_TO_32_BIT_CONVERSION = YES;
				GCC_WARN_ABOUT_RETURN_TYPE = YES_ERROR;
				GCC_WARN_UNDECLARED_SELECTOR = YES;
				GCC_WARN_UNINITIALIZED_AUTOS = YES_AGGRESSIVE;
				GCC_WARN_UNUSED_FUNCTION = YES;
				GCC_WARN_UNUSED_VARIABLE = YES;
				IPHONEOS_DEPLOYMENT_TARGET = 10.0;
				MTL_ENABLE_DEBUG_INFO = YES;
				ONLY_ACTIVE_ARCH = YES;
				SDKROOT = iphoneos;
				SWIFT_ACTIVE_COMPILATION_CONDITIONS = DEBUG;
				SWIFT_OPTIMIZATION_LEVEL = "-Onone";
			};
			name = Debug;
		};
		397BD0A81DB008520063DADF /* Release */ = {
			isa = XCBuildConfiguration;
			buildSettings = {
				ALWAYS_SEARCH_USER_PATHS = NO;
				CLANG_ANALYZER_NONNULL = YES;
				CLANG_CXX_LANGUAGE_STANDARD = "gnu++0x";
				CLANG_CXX_LIBRARY = "libc++";
				CLANG_ENABLE_MODULES = YES;
				CLANG_ENABLE_OBJC_ARC = YES;
				CLANG_WARN_BOOL_CONVERSION = YES;
				CLANG_WARN_CONSTANT_CONVERSION = YES;
				CLANG_WARN_DIRECT_OBJC_ISA_USAGE = YES_ERROR;
				CLANG_WARN_DOCUMENTATION_COMMENTS = YES;
				CLANG_WARN_EMPTY_BODY = YES;
				CLANG_WARN_ENUM_CONVERSION = YES;
				CLANG_WARN_INFINITE_RECURSION = YES;
				CLANG_WARN_INT_CONVERSION = YES;
				CLANG_WARN_OBJC_ROOT_CLASS = YES_ERROR;
				CLANG_WARN_SUSPICIOUS_MOVES = YES;
				CLANG_WARN_UNREACHABLE_CODE = YES;
				CLANG_WARN__DUPLICATE_METHOD_MATCH = YES;
				"CODE_SIGN_IDENTITY[sdk=iphoneos*]" = "iPhone Developer";
				COPY_PHASE_STRIP = NO;
				DEBUG_INFORMATION_FORMAT = "dwarf-with-dsym";
				ENABLE_NS_ASSERTIONS = NO;
				ENABLE_STRICT_OBJC_MSGSEND = YES;
				GCC_C_LANGUAGE_STANDARD = gnu99;
				GCC_NO_COMMON_BLOCKS = YES;
				GCC_WARN_64_TO_32_BIT_CONVERSION = YES;
				GCC_WARN_ABOUT_RETURN_TYPE = YES_ERROR;
				GCC_WARN_UNDECLARED_SELECTOR = YES;
				GCC_WARN_UNINITIALIZED_AUTOS = YES_AGGRESSIVE;
				GCC_WARN_UNUSED_FUNCTION = YES;
				GCC_WARN_UNUSED_VARIABLE = YES;
				IPHONEOS_DEPLOYMENT_TARGET = 10.0;
				MTL_ENABLE_DEBUG_INFO = NO;
				SDKROOT = iphoneos;
				SWIFT_OPTIMIZATION_LEVEL = "-Owholemodule";
				VALIDATE_PRODUCT = YES;
			};
			name = Release;
		};
		397BD0AA1DB008520063DADF /* Debug */ = {
			isa = XCBuildConfiguration;
			buildSettings = {
				ASSETCATALOG_COMPILER_APPICON_NAME = AppIcon;
				INFOPLIST_FILE = StretchySnax/Info.plist;
				LD_RUNPATH_SEARCH_PATHS = "$(inherited) @executable_path/Frameworks";
				PRODUCT_BUNDLE_IDENTIFIER = com.naomischettini.list.StretchySnax;
				PRODUCT_NAME = "$(TARGET_NAME)";
				SWIFT_VERSION = 3.0;
			};
			name = Debug;
		};
		397BD0AB1DB008520063DADF /* Release */ = {
			isa = XCBuildConfiguration;
			buildSettings = {
				ASSETCATALOG_COMPILER_APPICON_NAME = AppIcon;
				INFOPLIST_FILE = StretchySnax/Info.plist;
				LD_RUNPATH_SEARCH_PATHS = "$(inherited) @executable_path/Frameworks";
				PRODUCT_BUNDLE_IDENTIFIER = com.naomischettini.list.StretchySnax;
				PRODUCT_NAME = "$(TARGET_NAME)";
				SWIFT_VERSION = 3.0;
			};
			name = Release;
		};
/* End XCBuildConfiguration section */

/* Begin XCConfigurationList section */
		397BD0921DB008520063DADF /* Build configuration list for PBXProject "StretchySnax" */ = {
			isa = XCConfigurationList;
			buildConfigurations = (
				397BD0A71DB008520063DADF /* Debug */,
				397BD0A81DB008520063DADF /* Release */,
			);
			defaultConfigurationIsVisible = 0;
			defaultConfigurationName = Release;
		};
		397BD0A91DB008520063DADF /* Build configuration list for PBXNativeTarget "StretchySnax" */ = {
			isa = XCConfigurationList;
			buildConfigurations = (
				397BD0AA1DB008520063DADF /* Debug */,
				397BD0AB1DB008520063DADF /* Release */,
			);
			defaultConfigurationIsVisible = 0;
		};
/* End XCConfigurationList section */
	};
	rootObject = 397BD08F1DB008520063DADF /* Project object */;
}
